
Microsoft Visual Studio Solution File, Format Version 12.00
# Visual Studio Version 17
VisualStudioVersion = 17.6.33801.468
MinimumVisualStudioVersion = 10.0.40219.1
Project("{FAE04EC0-301F-11D3-BF4B-00C04F79EFBC}") = "mpuizi_vjezba1", "mpuizi_vjezba1.csproj", "{132C78AE-D112-4E3C-BFFE-F3EA8267FB97}"
EndProject
Global
	GlobalSection(SolutionConfigurationPlatforms) = preSolution
		Debug|Any CPU = Debug|Any CPU
		Release|Any CPU = Release|Any CPU
	EndGlobalSection
	GlobalSection(ProjectConfigurationPlatforms) = postSolution
		{132C78AE-D112-4E3C-BFFE-F3EA8267FB97}.Debug|Any CPU.ActiveCfg = Debug|Any CPU
		{132C78AE-D112-4E3C-BFFE-F3EA8267FB97}.Debug|Any CPU.Build.0 = Debug|Any CPU
		{132C78AE-D112-4E3C-BFFE-F3EA8267FB97}.Release|Any CPU.ActiveCfg = Release|Any CPU
		{132C78AE-D112-4E3C-BFFE-F3EA8267FB97}.Release|Any CPU.Build.0 = Release|Any CPU
	EndGlobalSection
	GlobalSection(SolutionProperties) = preSolution
		HideSolutionNode = FALSE
	EndGlobalSection
	GlobalSection(ExtensibilityGlobals) = postSolution
		SolutionGuid = {26B8212F-B0CA-4A73-9085-321B8A6366E8}
	EndGlobalSection
EndGlobal
